// !$*UTF8*$!
{
	archiveVersion = 1;
	classes = {
	};
	objectVersion = 46;
	objects = {

/* Begin PBXBuildFile section */
		B6A422321F56AA2600A1EAD6 /* AppDelegate.swift in Sources */ = {isa = PBXBuildFile; fileRef = B6A422311F56AA2600A1EAD6 /* AppDelegate.swift */; };
		B6A422341F56AA2600A1EAD6 /* ViewController.swift in Sources */ = {isa = PBXBuildFile; fileRef = B6A422331F56AA2600A1EAD6 /* ViewController.swift */; };
		B6A422371F56AA2600A1EAD6 /* Main.storyboard in Resources */ = {isa = PBXBuildFile; fileRef = B6A422351F56AA2600A1EAD6 /* Main.storyboard */; };
		B6A422391F56AA2600A1EAD6 /* Assets.xcassets in Resources */ = {isa = PBXBuildFile; fileRef = B6A422381F56AA2600A1EAD6 /* Assets.xcassets */; };
		B6A4223C1F56AA2600A1EAD6 /* LaunchScreen.storyboard in Resources */ = {isa = PBXBuildFile; fileRef = B6A4223A1F56AA2600A1EAD6 /* LaunchScreen.storyboard */; };
		B6A422471F56AA2700A1EAD6 /* NileconHRTests.swift in Sources */ = {isa = PBXBuildFile; fileRef = B6A422461F56AA2700A1EAD6 /* NileconHRTests.swift */; };
		B6A422521F56AA2700A1EAD6 /* NileconHRUITests.swift in Sources */ = {isa = PBXBuildFile; fileRef = B6A422511F56AA2700A1EAD6 /* NileconHRUITests.swift */; };
/* End PBXBuildFile section */

/* Begin PBXContainerItemProxy section */
		B6A422431F56AA2700A1EAD6 /* PBXContainerItemProxy */ = {
			isa = PBXContainerItemProxy;
			containerPortal = B6A422261F56AA2600A1EAD6 /* Project object */;
			proxyType = 1;
			remoteGlobalIDString = B6A4222D1F56AA2600A1EAD6;
			remoteInfo = NileconHR;
		};
		B6A4224E1F56AA2700A1EAD6 /* PBXContainerItemProxy */ = {
			isa = PBXContainerItemProxy;
			containerPortal = B6A422261F56AA2600A1EAD6 /* Project object */;
			proxyType = 1;
			remoteGlobalIDString = B6A4222D1F56AA2600A1EAD6;
			remoteInfo = NileconHR;
		};
/* End PBXContainerItemProxy section */

/* Begin PBXFileReference section */
		B6A4222E1F56AA2600A1EAD6 /* NileconHR.app */ = {isa = PBXFileReference; explicitFileType = wrapper.application; includeInIndex = 0; path = NileconHR.app; sourceTree = BUILT_PRODUCTS_DIR; };
		B6A422311F56AA2600A1EAD6 /* AppDelegate.swift */ = {isa = PBXFileReference; lastKnownFileType = sourcecode.swift; path = AppDelegate.swift; sourceTree = "<group>"; };
		B6A422331F56AA2600A1EAD6 /* ViewController.swift */ = {isa = PBXFileReference; lastKnownFileType = sourcecode.swift; path = ViewController.swift; sourceTree = "<group>"; };
		B6A422361F56AA2600A1EAD6 /* Base */ = {isa = PBXFileReference; lastKnownFileType = file.storyboard; name = Base; path = Base.lproj/Main.storyboard; sourceTree = "<group>"; };
		B6A422381F56AA2600A1EAD6 /* Assets.xcassets */ = {isa = PBXFileReference; lastKnownFileType = folder.assetcatalog; path = Assets.xcassets; sourceTree = "<group>"; };
		B6A4223B1F56AA2600A1EAD6 /* Base */ = {isa = PBXFileReference; lastKnownFileType = file.storyboard; name = Base; path = Base.lproj/LaunchScreen.storyboard; sourceTree = "<group>"; };
		B6A4223D1F56AA2600A1EAD6 /* Info.plist */ = {isa = PBXFileReference; lastKnownFileType = text.plist.xml; path = Info.plist; sourceTree = "<group>"; };
		B6A422421F56AA2700A1EAD6 /* NileconHRTests.xctest */ = {isa = PBXFileReference; explicitFileType = wrapper.cfbundle; includeInIndex = 0; path = NileconHRTests.xctest; sourceTree = BUILT_PRODUCTS_DIR; };
		B6A422461F56AA2700A1EAD6 /* NileconHRTests.swift */ = {isa = PBXFileReference; lastKnownFileType = sourcecode.swift; path = NileconHRTests.swift; sourceTree = "<group>"; };
		B6A422481F56AA2700A1EAD6 /* Info.plist */ = {isa = PBXFileReference; lastKnownFileType = text.plist.xml; path = Info.plist; sourceTree = "<group>"; };
		B6A4224D1F56AA2700A1EAD6 /* NileconHRUITests.xctest */ = {isa = PBXFileReference; explicitFileType = wrapper.cfbundle; includeInIndex = 0; path = NileconHRUITests.xctest; sourceTree = BUILT_PRODUCTS_DIR; };
		B6A422511F56AA2700A1EAD6 /* NileconHRUITests.swift */ = {isa = PBXFileReference; lastKnownFileType = sourcecode.swift; path = NileconHRUITests.swift; sourceTree = "<group>"; };
		B6A422531F56AA2700A1EAD6 /* Info.plist */ = {isa = PBXFileReference; lastKnownFileType = text.plist.xml; path = Info.plist; sourceTree = "<group>"; };
/* End PBXFileReference section */

/* Begin PBXFrameworksBuildPhase section */
		B6A4222B1F56AA2600A1EAD6 /* Frameworks */ = {
			isa = PBXFrameworksBuildPhase;
			buildActionMask = 2147483647;
			files = (
			);
			runOnlyForDeploymentPostprocessing = 0;
		};
		B6A4223F1F56AA2700A1EAD6 /* Frameworks */ = {
			isa = PBXFrameworksBuildPhase;
			buildActionMask = 2147483647;
			files = (
			);
			runOnlyForDeploymentPostprocessing = 0;
		};
		B6A4224A1F56AA2700A1EAD6 /* Frameworks */ = {
			isa = PBXFrameworksBuildPhase;
			buildActionMask = 2147483647;
			files = (
			);
			runOnlyForDeploymentPostprocessing = 0;
		};
/* End PBXFrameworksBuildPhase section */

/* Begin PBXGroup section */
		B6A422251F56AA2600A1EAD6 = {
			isa = PBXGroup;
			children = (
				B6A422301F56AA2600A1EAD6 /* NileconHR */,
				B6A422451F56AA2700A1EAD6 /* NileconHRTests */,
				B6A422501F56AA2700A1EAD6 /* NileconHRUITests */,
				B6A4222F1F56AA2600A1EAD6 /* Products */,
			);
			sourceTree = "<group>";
		};
		B6A4222F1F56AA2600A1EAD6 /* Products */ = {
			isa = PBXGroup;
			children = (
				B6A4222E1F56AA2600A1EAD6 /* NileconHR.app */,
				B6A422421F56AA2700A1EAD6 /* NileconHRTests.xctest */,
				B6A4224D1F56AA2700A1EAD6 /* NileconHRUITests.xctest */,
			);
			name = Products;
			sourceTree = "<group>";
		};
		B6A422301F56AA2600A1EAD6 /* NileconHR */ = {
			isa = PBXGroup;
			children = (
				B6A422311F56AA2600A1EAD6 /* AppDelegate.swift */,
				B6A422331F56AA2600A1EAD6 /* ViewController.swift */,
				B6A422351F56AA2600A1EAD6 /* Main.storyboard */,
				B6A422381F56AA2600A1EAD6 /* Assets.xcassets */,
				B6A4223A1F56AA2600A1EAD6 /* LaunchScreen.storyboard */,
				B6A4223D1F56AA2600A1EAD6 /* Info.plist */,
			);
			path = NileconHR;
			sourceTree = "<group>";
		};
		B6A422451F56AA2700A1EAD6 /* NileconHRTests */ = {
			isa = PBXGroup;
			children = (
				B6A422461F56AA2700A1EAD6 /* NileconHRTests.swift */,
				B6A422481F56AA2700A1EAD6 /* Info.plist */,
			);
			path = NileconHRTests;
			sourceTree = "<group>";
		};
		B6A422501F56AA2700A1EAD6 /* NileconHRUITests */ = {
			isa = PBXGroup;
			children = (
				B6A422511F56AA2700A1EAD6 /* NileconHRUITests.swift */,
				B6A422531F56AA2700A1EAD6 /* Info.plist */,
			);
			path = NileconHRUITests;
			sourceTree = "<group>";
		};
/* End PBXGroup section */

/* Begin PBXNativeTarget section */
		B6A4222D1F56AA2600A1EAD6 /* NileconHR */ = {
			isa = PBXNativeTarget;
			buildConfigurationList = B6A422561F56AA2700A1EAD6 /* Build configuration list for PBXNativeTarget "NileconHR" */;
			buildPhases = (
				B6A4222A1F56AA2600A1EAD6 /* Sources */,
				B6A4222B1F56AA2600A1EAD6 /* Frameworks */,
				B6A4222C1F56AA2600A1EAD6 /* Resources */,
			);
			buildRules = (
			);
			dependencies = (
			);
			name = NileconHR;
			productName = NileconHR;
			productReference = B6A4222E1F56AA2600A1EAD6 /* NileconHR.app */;
			productType = "com.apple.product-type.application";
		};
		B6A422411F56AA2700A1EAD6 /* NileconHRTests */ = {
			isa = PBXNativeTarget;
			buildConfigurationList = B6A422591F56AA2700A1EAD6 /* Build configuration list for PBXNativeTarget "NileconHRTests" */;
			buildPhases = (
				B6A4223E1F56AA2700A1EAD6 /* Sources */,
				B6A4223F1F56AA2700A1EAD6 /* Frameworks */,
				B6A422401F56AA2700A1EAD6 /* Resources */,
			);
			buildRules = (
			);
			dependencies = (
				B6A422441F56AA2700A1EAD6 /* PBXTargetDependency */,
			);
			name = NileconHRTests;
			productName = NileconHRTests;
			productReference = B6A422421F56AA2700A1EAD6 /* NileconHRTests.xctest */;
			productType = "com.apple.product-type.bundle.unit-test";
		};
		B6A4224C1F56AA2700A1EAD6 /* NileconHRUITests */ = {
			isa = PBXNativeTarget;
			buildConfigurationList = B6A4225C1F56AA2700A1EAD6 /* Build configuration list for PBXNativeTarget "NileconHRUITests" */;
			buildPhases = (
				B6A422491F56AA2700A1EAD6 /* Sources */,
				B6A4224A1F56AA2700A1EAD6 /* Frameworks */,
				B6A4224B1F56AA2700A1EAD6 /* Resources */,
			);
			buildRules = (
			);
			dependencies = (
				B6A4224F1F56AA2700A1EAD6 /* PBXTargetDependency */,
			);
			name = NileconHRUITests;
			productName = NileconHRUITests;
			productReference = B6A4224D1F56AA2700A1EAD6 /* NileconHRUITests.xctest */;
			productType = "com.apple.product-type.bundle.ui-testing";
		};
/* End PBXNativeTarget section */

/* Begin PBXProject section */
		B6A422261F56AA2600A1EAD6 /* Project object */ = {
			isa = PBXProject;
			attributes = {
				LastSwiftUpdateCheck = 0830;
				LastUpgradeCheck = 0830;
				ORGANIZATIONNAME = apichaya;
				TargetAttributes = {
					B6A4222D1F56AA2600A1EAD6 = {
						CreatedOnToolsVersion = 8.3.3;
						DevelopmentTeam = 57XPA3ATLD;
						ProvisioningStyle = Automatic;
					};
					B6A422411F56AA2700A1EAD6 = {
						CreatedOnToolsVersion = 8.3.3;
						DevelopmentTeam = 57XPA3ATLD;
						ProvisioningStyle = Automatic;
						TestTargetID = B6A4222D1F56AA2600A1EAD6;
					};
					B6A4224C1F56AA2700A1EAD6 = {
						CreatedOnToolsVersion = 8.3.3;
						DevelopmentTeam = 57XPA3ATLD;
						ProvisioningStyle = Automatic;
						TestTargetID = B6A4222D1F56AA2600A1EAD6;
					};
				};
			};
			buildConfigurationList = B6A422291F56AA2600A1EAD6 /* Build configuration list for PBXProject "NileconHR" */;
			compatibilityVersion = "Xcode 3.2";
			developmentRegion = English;
			hasScannedForEncodings = 0;
			knownRegions = (
				en,
				Base,
			);
			mainGroup = B6A422251F56AA2600A1EAD6;
			productRefGroup = B6A4222F1F56AA2600A1EAD6 /* Products */;
			projectDirPath = "";
			projectRoot = "";
			targets = (
				B6A4222D1F56AA2600A1EAD6 /* NileconHR */,
				B6A422411F56AA2700A1EAD6 /* NileconHRTests */,
				B6A4224C1F56AA2700A1EAD6 /* NileconHRUITests */,
			);
		};
/* End PBXProject section */

/* Begin PBXResourcesBuildPhase section */
		B6A4222C1F56AA2600A1EAD6 /* Resources */ = {
			isa = PBXResourcesBuildPhase;
			buildActionMask = 2147483647;
			files = (
				B6A4223C1F56AA2600A1EAD6 /* LaunchScreen.storyboard in Resources */,
				B6A422391F56AA2600A1EAD6 /* Assets.xcassets in Resources */,
				B6A422371F56AA2600A1EAD6 /* Main.storyboard in Resources */,
			);
			runOnlyForDeploymentPostprocessing = 0;
		};
		B6A422401F56AA2700A1EAD6 /* Resources */ = {
			isa = PBXResourcesBuildPhase;
			buildActionMask = 2147483647;
			files = (
			);
			runOnlyForDeploymentPostprocessing = 0;
		};
		B6A4224B1F56AA2700A1EAD6 /* Resources */ = {
			isa = PBXResourcesBuildPhase;
			buildActionMask = 2147483647;
			files = (
			);
			runOnlyForDeploymentPostprocessing = 0;
		};
/* End PBXResourcesBuildPhase section */

/* Begin PBXSourcesBuildPhase section */
		B6A4222A1F56AA2600A1EAD6 /* Sources */ = {
			isa = PBXSourcesBuildPhase;
			buildActionMask = 2147483647;
			files = (
				B6A422341F56AA2600A1EAD6 /* ViewController.swift in Sources */,
				B6A422321F56AA2600A1EAD6 /* AppDelegate.swift in Sources */,
			);
			runOnlyForDeploymentPostprocessing = 0;
		};
		B6A4223E1F56AA2700A1EAD6 /* Sources */ = {
			isa = PBXSourcesBuildPhase;
			buildActionMask = 2147483647;
			files = (
				B6A422471F56AA2700A1EAD6 /* NileconHRTests.swift in Sources */,
			);
			runOnlyForDeploymentPostprocessing = 0;
		};
		B6A422491F56AA2700A1EAD6 /* Sources */ = {
			isa = PBXSourcesBuildPhase;
			buildActionMask = 2147483647;
			files = (
				B6A422521F56AA2700A1EAD6 /* NileconHRUITests.swift in Sources */,
			);
			runOnlyForDeploymentPostprocessing = 0;
		};
/* End PBXSourcesBuildPhase section */

/* Begin PBXTargetDependency section */
		B6A422441F56AA2700A1EAD6 /* PBXTargetDependency */ = {
			isa = PBXTargetDependency;
			target = B6A4222D1F56AA2600A1EAD6 /* NileconHR */;
			targetProxy = B6A422431F56AA2700A1EAD6 /* PBXContainerItemProxy */;
		};
		B6A4224F1F56AA2700A1EAD6 /* PBXTargetDependency */ = {
			isa = PBXTargetDependency;
			target = B6A4222D1F56AA2600A1EAD6 /* NileconHR */;
			targetProxy = B6A4224E1F56AA2700A1EAD6 /* PBXContainerItemProxy */;
		};
/* End PBXTargetDependency section */

/* Begin PBXVariantGroup section */
		B6A422351F56AA2600A1EAD6 /* Main.storyboard */ = {
			isa = PBXVariantGroup;
			children = (
				B6A422361F56AA2600A1EAD6 /* Base */,
			);
			name = Main.storyboard;
			sourceTree = "<group>";
		};
		B6A4223A1F56AA2600A1EAD6 /* LaunchScreen.storyboard */ = {
			isa = PBXVariantGroup;
			children = (
				B6A4223B1F56AA2600A1EAD6 /* Base */,
			);
			name = LaunchScreen.storyboard;
			sourceTree = "<group>";
		};
/* End PBXVariantGroup section */

/* Begin XCBuildConfiguration section */
		B6A422541F56AA2700A1EAD6 /* Debug */ = {
			isa = XCBuildConfiguration;
			buildSettings = {
				ALWAYS_SEARCH_USER_PATHS = NO;
				CLANG_ANALYZER_NONNULL = YES;
				CLANG_ANALYZER_NUMBER_OBJECT_CONVERSION = YES_AGGRESSIVE;
				CLANG_CXX_LANGUAGE_STANDARD = "gnu++0x";
				CLANG_CXX_LIBRARY = "libc++";
				CLANG_ENABLE_MODULES = YES;
				CLANG_ENABLE_OBJC_ARC = YES;
				CLANG_WARN_BOOL_CONVERSION = YES;
				CLANG_WARN_CONSTANT_CONVERSION = YES;
				CLANG_WARN_DIRECT_OBJC_ISA_USAGE = YES_ERROR;
				CLANG_WARN_DOCUMENTATION_COMMENTS = YES;
				CLANG_WARN_EMPTY_BODY = YES;
				CLANG_WARN_ENUM_CONVERSION = YES;
				CLANG_WARN_INFINITE_RECURSION = YES;
				CLANG_WARN_INT_CONVERSION = YES;
				CLANG_WARN_OBJC_ROOT_CLASS = YES_ERROR;
				CLANG_WARN_SUSPICIOUS_MOVE = YES;
				CLANG_WARN_UNREACHABLE_CODE = YES;
				CLANG_WARN__DUPLICATE_METHOD_MATCH = YES;
				"CODE_SIGN_IDENTITY[sdk=iphoneos*]" = "iPhone Developer";
				COPY_PHASE_STRIP = NO;
				DEBUG_INFORMATION_FORMAT = dwarf;
				ENABLE_STRICT_OBJC_MSGSEND = YES;
				ENABLE_TESTABILITY = YES;
				GCC_C_LANGUAGE_STANDARD = gnu99;
				GCC_DYNAMIC_NO_PIC = NO;
				GCC_NO_COMMON_BLOCKS = YES;
				GCC_OPTIMIZATION_LEVEL = 0;
				GCC_PREPROCESSOR_DEFINITIONS = (
					"DEBUG=1",
					"$(inherited)",
				);
				GCC_WARN_64_TO_32_BIT_CONVERSION = YES;
				GCC_WARN_ABOUT_RETURN_TYPE = YES_ERROR;
				GCC_WARN_UNDECLARED_SELECTOR = YES;
				GCC_WARN_UNINITIALIZED_AUTOS = YES_AGGRESSIVE;
				GCC_WARN_UNUSED_FUNCTION = YES;
				GCC_WARN_UNUSED_VARIABLE = YES;
				IPHONEOS_DEPLOYMENT_TARGET = 10.3;
				MTL_ENABLE_DEBUG_INFO = YES;
				ONLY_ACTIVE_ARCH = YES;
				SDKROOT = iphoneos;
				SWIFT_ACTIVE_COMPILATION_CONDITIONS = DEBUG;
				SWIFT_OPTIMIZATION_LEVEL = "-Onone";
			};
			name = Debug;
		};
		B6A422551F56AA2700A1EAD6 /* Release */ = {
			isa = XCBuildConfiguration;
			buildSettings = {
				ALWAYS_SEARCH_USER_PATHS = NO;
				CLANG_ANALYZER_NONNULL = YES;
				CLANG_ANALYZER_NUMBER_OBJECT_CONVERSION = YES_AGGRESSIVE;
				CLANG_CXX_LANGUAGE_STANDARD = "gnu++0x";
				CLANG_CXX_LIBRARY = "libc++";
				CLANG_ENABLE_MODULES = YES;
				CLANG_ENABLE_OBJC_ARC = YES;
				CLANG_WARN_BOOL_CONVERSION = YES;
				CLANG_WARN_CONSTANT_CONVERSION = YES;
				CLANG_WARN_DIRECT_OBJC_ISA_USAGE = YES_ERROR;
				CLANG_WARN_DOCUMENTATION_COMMENTS = YES;
				CLANG_WARN_EMPTY_BODY = YES;
				CLANG_WARN_ENUM_CONVERSION = YES;
				CLANG_WARN_INFINITE_RECURSION = YES;
				CLANG_WARN_INT_CONVERSION = YES;
				CLANG_WARN_OBJC_ROOT_CLASS = YES_ERROR;
				CLANG_WARN_SUSPICIOUS_MOVE = YES;
				CLANG_WARN_UNREACHABLE_CODE = YES;
				CLANG_WARN__DUPLICATE_METHOD_MATCH = YES;
				"CODE_SIGN_IDENTITY[sdk=iphoneos*]" = "iPhone Developer";
				COPY_PHASE_STRIP = NO;
				DEBUG_INFORMATION_FORMAT = "dwarf-with-dsym";
				ENABLE_NS_ASSERTIONS = NO;
				ENABLE_STRICT_OBJC_MSGSEND = YES;
				GCC_C_LANGUAGE_STANDARD = gnu99;
				GCC_NO_COMMON_BLOCKS = YES;
				GCC_WARN_64_TO_32_BIT_CONVERSION = YES;
				GCC_WARN_ABOUT_RETURN_TYPE = YES_ERROR;
				GCC_WARN_UNDECLARED_SELECTOR = YES;
				GCC_WARN_UNINITIALIZED_AUTOS = YES_AGGRESSIVE;
				GCC_WARN_UNUSED_FUNCTION = YES;
				GCC_WARN_UNUSED_VARIABLE = YES;
				IPHONEOS_DEPLOYMENT_TARGET = 10.3;
				MTL_ENABLE_DEBUG_INFO = NO;
				SDKROOT = iphoneos;
				SWIFT_OPTIMIZATION_LEVEL = "-Owholemodule";
				VALIDATE_PRODUCT = YES;
			};
			name = Release;
		};
		B6A422571F56AA2700A1EAD6 /* Debug */ = {
			isa = XCBuildConfiguration;
			buildSettings = {
				ASSETCATALOG_COMPILER_APPICON_NAME = AppIcon;
				DEVELOPMENT_TEAM = 57XPA3ATLD;
				INFOPLIST_FILE = NileconHR/Info.plist;
				LD_RUNPATH_SEARCH_PATHS = "$(inherited) @executable_path/Frameworks";
				PRODUCT_BUNDLE_IDENTIFIER = com.beamer.intro.NileconHR;
				PRODUCT_NAME = "$(TARGET_NAME)";
				SWIFT_VERSION = 3.0;
			};
			name = Debug;
		};
		B6A422581F56AA2700A1EAD6 /* Release */ = {
			isa = XCBuildConfiguration;
			buildSettings = {
				ASSETCATALOG_COMPILER_APPICON_NAME = AppIcon;
				DEVELOPMENT_TEAM = 57XPA3ATLD;
				INFOPLIST_FILE = NileconHR/Info.plist;
				LD_RUNPATH_SEARCH_PATHS = "$(inherited) @executable_path/Frameworks";
				PRODUCT_BUNDLE_IDENTIFIER = com.beamer.intro.NileconHR;
				PRODUCT_NAME = "$(TARGET_NAME)";
				SWIFT_VERSION = 3.0;
			};
			name = Release;
		};
		B6A4225A1F56AA2700A1EAD6 /* Debug */ = {
			isa = XCBuildConfiguration;
			buildSettings = {
				ALWAYS_EMBED_SWIFT_STANDARD_LIBRARIES = YES;
				BUNDLE_LOADER = "$(TEST_HOST)";
				DEVELOPMENT_TEAM = 57XPA3ATLD;
				INFOPLIST_FILE = NileconHRTests/Info.plist;
				LD_RUNPATH_SEARCH_PATHS = "$(inherited) @executable_path/Frameworks @loader_path/Frameworks";
				PRODUCT_BUNDLE_IDENTIFIER = com.beamer.intro.NileconHRTests;
				PRODUCT_NAME = "$(TARGET_NAME)";
				SWIFT_VERSION = 3.0;
				TEST_HOST = "$(BUILT_PRODUCTS_DIR)/NileconHR.app/NileconHR";
			};
			name = Debug;
		};
		B6A4225B1F56AA2700A1EAD6 /* Release */ = {
			isa = XCBuildConfiguration;
			buildSettings = {
				ALWAYS_EMBED_SWIFT_STANDARD_LIBRARIES = YES;
				BUNDLE_LOADER = "$(TEST_HOST)";
				DEVELOPMENT_TEAM = 57XPA3ATLD;
				INFOPLIST_FILE = NileconHRTests/Info.plist;
				LD_RUNPATH_SEARCH_PATHS = "$(inherited) @executable_path/Frameworks @loader_path/Frameworks";
				PRODUCT_BUNDLE_IDENTIFIER = com.beamer.intro.NileconHRTests;
				PRODUCT_NAME = "$(TARGET_NAME)";
				SWIFT_VERSION = 3.0;
				TEST_HOST = "$(BUILT_PRODUCTS_DIR)/NileconHR.app/NileconHR";
			};
			name = Release;
		};
		B6A4225D1F56AA2700A1EAD6 /* Debug */ = {
			isa = XCBuildConfiguration;
			buildSettings = {
				ALWAYS_EMBED_SWIFT_STANDARD_LIBRARIES = YES;
				DEVELOPMENT_TEAM = 57XPA3ATLD;
				INFOPLIST_FILE = NileconHRUITests/Info.plist;
				LD_RUNPATH_SEARCH_PATHS = "$(inherited) @executable_path/Frameworks @loader_path/Frameworks";
				PRODUCT_BUNDLE_IDENTIFIER = com.beamer.intro.NileconHRUITests;
				PRODUCT_NAME = "$(TARGET_NAME)";
				SWIFT_VERSION = 3.0;
				TEST_TARGET_NAME = NileconHR;
			};
			name = Debug;
		};
		B6A4225E1F56AA2700A1EAD6 /* Release */ = {
			isa = XCBuildConfiguration;
			buildSettings = {
				ALWAYS_EMBED_SWIFT_STANDARD_LIBRARIES = YES;
				DEVELOPMENT_TEAM = 57XPA3ATLD;
				INFOPLIST_FILE = NileconHRUITests/Info.plist;
				LD_RUNPATH_SEARCH_PATHS = "$(inherited) @executable_path/Frameworks @loader_path/Frameworks";
				PRODUCT_BUNDLE_IDENTIFIER = com.beamer.intro.NileconHRUITests;
				PRODUCT_NAME = "$(TARGET_NAME)";
				SWIFT_VERSION = 3.0;
				TEST_TARGET_NAME = NileconHR;
			};
			name = Release;
		};
/* End XCBuildConfiguration section */

/* Begin XCConfigurationList section */
		B6A422291F56AA2600A1EAD6 /* Build configuration list for PBXProject "NileconHR" */ = {
			isa = XCConfigurationList;
			buildConfigurations = (
				B6A422541F56AA2700A1EAD6 /* Debug */,
				B6A422551F56AA2700A1EAD6 /* Release */,
			);
			defaultConfigurationIsVisible = 0;
			defaultConfigurationName = Release;
		};
		B6A422561F56AA2700A1EAD6 /* Build configuration list for PBXNativeTarget "NileconHR" */ = {
			isa = XCConfigurationList;
			buildConfigurations = (
				B6A422571F56AA2700A1EAD6 /* Debug */,
				B6A422581F56AA2700A1EAD6 /* Release */,
			);
			defaultConfigurationIsVisible = 0;
		};
		B6A422591F56AA2700A1EAD6 /* Build configuration list for PBXNativeTarget "NileconHRTests" */ = {
			isa = XCConfigurationList;
			buildConfigurations = (
				B6A4225A1F56AA2700A1EAD6 /* Debug */,
				B6A4225B1F56AA2700A1EAD6 /* Release */,
			);
			defaultConfigurationIsVisible = 0;
		};
		B6A4225C1F56AA2700A1EAD6 /* Build configuration list for PBXNativeTarget "NileconHRUITests" */ = {
			isa = XCConfigurationList;
			buildConfigurations = (
				B6A4225D1F56AA2700A1EAD6 /* Debug */,
				B6A4225E1F56AA2700A1EAD6 /* Release */,
			);
			defaultConfigurationIsVisible = 0;
		};
/* End XCConfigurationList section */
	};
	rootObject = B6A422261F56AA2600A1EAD6 /* Project object */;
}
